# THIS IS AN AUTOGENERATED FILE. DO NOT EDIT THIS FILE DIRECTLY.
# yarn lockfile v1


argparse@^1.0.7:
  version "1.0.10"
  resolved "https://registry.npmjs.org/argparse/-/argparse-1.0.10.tgz"
  dependencies:
    sprintf-js "~1.0.2"

argparse@^2.0.1:
  version "2.0.1"
  resolved "https://registry.yarnpkg.com/argparse/-/argparse-2.0.1.tgz#246f50f3ca78a3240f6c997e8a9bd1eac49e4b38"

call-me-maybe@^1.0.1:
  version "1.0.1"
  resolved "https://registry.npmjs.org/call-me-maybe/-/call-me-maybe-1.0.1.tgz"

commander@^2.7.1, commander@^2.9.0:
  version "2.20.3"
  resolved "https://registry.npmjs.org/commander/-/commander-2.20.3.tgz"

core-js@^2.5.7:
  version "2.6.12"
  resolved "https://registry.npmjs.org/core-js/-/core-js-2.6.12.tgz"

debug@^2.2.0:
  version "2.6.9"
  resolved "https://registry.npmjs.org/debug/-/debug-2.6.9.tgz"
  dependencies:
    ms "2.0.0"

debug@^3.0.0:
  version "3.2.7"
  resolved "https://registry.npmjs.org/debug/-/debug-3.2.7.tgz"
  dependencies:
    ms "^2.1.1"

entities@~2.1.0:
  version "2.1.0"
  resolved "https://registry.yarnpkg.com/entities/-/entities-2.1.0.tgz#992d3129cf7df6870b96c57858c249a120f8b8b5"

es6-promise@^3.0.2:
  version "3.3.1"
  resolved "https://registry.npmjs.org/es6-promise/-/es6-promise-3.3.1.tgz"

es6-promise@^4.1.1:
  version "4.2.8"
  resolved "https://registry.npmjs.org/es6-promise/-/es6-promise-4.2.8.tgz"

esprima@^4.0.0:
  version "4.0.1"
  resolved "https://registry.npmjs.org/esprima/-/esprima-4.0.1.tgz"

format-util@^1.0.3:
  version "1.0.5"
  resolved "https://registry.npmjs.org/format-util/-/format-util-1.0.5.tgz"

fs@0.0.2:
  version "0.0.2"
  resolved "https://registry.npmjs.org/fs/-/fs-0.0.2.tgz"

js-yaml@^3.4.6, js-yaml@^3.9.1:
  version "3.14.1"
  resolved "https://registry.npmjs.org/js-yaml/-/js-yaml-3.14.1.tgz"
  dependencies:
    argparse "^1.0.7"
    esprima "^4.0.0"

json-schema-ref-parser@^1.4.1:
  version "1.4.1"
  resolved "https://registry.npmjs.org/json-schema-ref-parser/-/json-schema-ref-parser-1.4.1.tgz"
  dependencies:
    call-me-maybe "^1.0.1"
    debug "^2.2.0"
    es6-promise "^3.0.2"
    js-yaml "^3.4.6"
    ono "^2.0.1"

json-schema-ref-parser@^3.1.2:
  version "3.3.1"
  resolved "https://registry.npmjs.org/json-schema-ref-parser/-/json-schema-ref-parser-3.3.1.tgz"
  dependencies:
    call-me-maybe "^1.0.1"
    debug "^3.0.0"
    es6-promise "^4.1.1"
    js-yaml "^3.9.1"
    ono "^4.0.2"
    z-schema "^3.18.2"

linkify-it@^3.0.1:
  version "3.0.3"
  resolved "https://registry.yarnpkg.com/linkify-it/-/linkify-it-3.0.3.tgz#a98baf44ce45a550efb4d49c769d07524cc2fa2e"
  dependencies:
    uc.micro "^1.0.1"

lodash.get@^4.0.0:
  version "4.4.2"
  resolved "https://registry.npmjs.org/lodash.get/-/lodash.get-4.4.2.tgz"

lodash.isequal@^4.0.0:
  version "4.5.0"
  resolved "https://registry.npmjs.org/lodash.isequal/-/lodash.isequal-4.5.0.tgz"

lodash@^4.17.21:
  version "4.17.21"
  resolved "https://registry.npmjs.org/lodash/-/lodash-4.17.21.tgz"

markdown-it@^12.3.2:
  version "12.3.2"
  resolved "https://registry.yarnpkg.com/markdown-it/-/markdown-it-12.3.2.tgz#bf92ac92283fe983fe4de8ff8abfb5ad72cd0c90"
  dependencies:
    argparse "^2.0.1"
    entities "~2.1.0"
    linkify-it "^3.0.1"
    mdurl "^1.0.1"
    uc.micro "^1.0.5"

mdurl@^1.0.1:
  version "1.0.1"
  resolved "https://registry.npmjs.org/mdurl/-/mdurl-1.0.1.tgz"

ms@2.0.0:
  version "2.0.0"
  resolved "https://registry.npmjs.org/ms/-/ms-2.0.0.tgz"

ms@^2.1.1:
  version "2.1.3"
  resolved "https://registry.npmjs.org/ms/-/ms-2.1.3.tgz"

ono@^2.0.1:
  version "2.2.5"
  resolved "https://registry.npmjs.org/ono/-/ono-2.2.5.tgz"

ono@^4.0.2:
  version "4.0.11"
  resolved "https://registry.npmjs.org/ono/-/ono-4.0.11.tgz"
  dependencies:
    format-util "^1.0.3"

sprintf-js@~1.0.2:
  version "1.0.3"
  resolved "https://registry.npmjs.org/sprintf-js/-/sprintf-js-1.0.3.tgz"

swagger-methods@^1.0.0:
  version "1.0.8"
  resolved "https://registry.npmjs.org/swagger-methods/-/swagger-methods-1.0.8.tgz"

swagger-parser@^3.4.1:
  version "3.4.2"
  resolved "https://registry.npmjs.org/swagger-parser/-/swagger-parser-3.4.2.tgz"
  dependencies:
    call-me-maybe "^1.0.1"
    debug "^3.0.0"
    es6-promise "^4.1.1"
    json-schema-ref-parser "^1.4.1"
    ono "^4.0.2"
    swagger-methods "^1.0.0"
    swagger-schema-official "2.0.0-bab6bed"
    z-schema "^3.16.1"

swagger-schema-official@2.0.0-bab6bed:
  version "2.0.0-bab6bed"
  resolved "https://registry.npmjs.org/swagger-schema-official/-/swagger-schema-official-2.0.0-bab6bed.tgz"

uc.micro@^1.0.1, uc.micro@^1.0.5:
  version "1.0.6"
  resolved "https://registry.yarnpkg.com/uc.micro/-/uc.micro-1.0.6.tgz#9c411a802a409a91fc6cf74081baba34b24499ac"

validator@^10.0.0:
  version "10.11.0"
  resolved "https://registry.npmjs.org/validator/-/validator-10.11.0.tgz"

z-schema@^3.16.1, z-schema@^3.18.2:
  version "3.25.1"
  resolved "https://registry.npmjs.org/z-schema/-/z-schema-3.25.1.tgz"
  dependencies:
    core-js "^2.5.7"
    lodash.get "^4.0.0"
    lodash.isequal "^4.0.0"
    validator "^10.0.0"
  optionalDependencies:
    commander "^2.7.1"
